Microsoft Visual Studio Solution File, Format Version 11.00
# Visual Studio 2008

Project("{2B551468-268D-1042-4A2B-2B4120B58EF1}") = "Overlord Project", "Assembly-CSharp-firstpass.csproj", "{DBF941D3-9765-8605-C45D-B85197324DC0}"
EndProject
Project("{2B551468-268D-1042-4A2B-2B4120B58EF1}") = "Overlord Project", "Assembly-CSharp.csproj", "{47276235-A481-36FE-1C9F-2C901D64D9D7}"
EndProject
Project("{2B551468-268D-1042-4A2B-2B4120B58EF1}") = "Overlord Project", "Assembly-CSharp-Editor.csproj", "{0DE46995-BD85-1E63-2F8A-DA118E5971C7}"
EndProject
Project("{2B551468-268D-1042-4A2B-2B4120B58EF1}") = "Overlord Project", "Assembly-UnityScript-firstpass.unityproj", "{1CE6E12F-24C5-A361-09EE-377BF6C3BB96}"
EndProject
Project("{2B551468-268D-1042-4A2B-2B4120B58EF1}") = "Overlord Project", "Assembly-UnityScript.unityproj", "{C9D85973-5480-53F8-274B-18F135C5C6FB}"
EndProject
Global
	GlobalSection(SolutionConfigurationPlatforms) = preSolution
		Debug|Any CPU = Debug|Any CPU
		Release|Any CPU = Release|Any CPU
	EndGlobalSection
	GlobalSection(ProjectConfigurationPlatforms) = postSolution
		{DBF941D3-9765-8605-C45D-B85197324DC0}.Debug|Any CPU.ActiveCfg = Debug|Any CPU
		{DBF941D3-9765-8605-C45D-B85197324DC0}.Debug|Any CPU.Build.0 = Debug|Any CPU
		{DBF941D3-9765-8605-C45D-B85197324DC0}.Release|Any CPU.ActiveCfg = Release|Any CPU
		{DBF941D3-9765-8605-C45D-B85197324DC0}.Release|Any CPU.Build.0 = Release|Any CPU
		{47276235-A481-36FE-1C9F-2C901D64D9D7}.Debug|Any CPU.ActiveCfg = Debug|Any CPU
		{47276235-A481-36FE-1C9F-2C901D64D9D7}.Debug|Any CPU.Build.0 = Debug|Any CPU
		{47276235-A481-36FE-1C9F-2C901D64D9D7}.Release|Any CPU.ActiveCfg = Release|Any CPU
		{47276235-A481-36FE-1C9F-2C901D64D9D7}.Release|Any CPU.Build.0 = Release|Any CPU
		{0DE46995-BD85-1E63-2F8A-DA118E5971C7}.Debug|Any CPU.ActiveCfg = Debug|Any CPU
		{0DE46995-BD85-1E63-2F8A-DA118E5971C7}.Debug|Any CPU.Build.0 = Debug|Any CPU
		{0DE46995-BD85-1E63-2F8A-DA118E5971C7}.Release|Any CPU.ActiveCfg = Release|Any CPU
		{0DE46995-BD85-1E63-2F8A-DA118E5971C7}.Release|Any CPU.Build.0 = Release|Any CPU
		{1CE6E12F-24C5-A361-09EE-377BF6C3BB96}.Debug|Any CPU.ActiveCfg = Debug|Any CPU
		{1CE6E12F-24C5-A361-09EE-377BF6C3BB96}.Debug|Any CPU.Build.0 = Debug|Any CPU
		{1CE6E12F-24C5-A361-09EE-377BF6C3BB96}.Release|Any CPU.ActiveCfg = Release|Any CPU
		{1CE6E12F-24C5-A361-09EE-377BF6C3BB96}.Release|Any CPU.Build.0 = Release|Any CPU
		{C9D85973-5480-53F8-274B-18F135C5C6FB}.Debug|Any CPU.ActiveCfg = Debug|Any CPU
		{C9D85973-5480-53F8-274B-18F135C5C6FB}.Debug|Any CPU.Build.0 = Debug|Any CPU
		{C9D85973-5480-53F8-274B-18F135C5C6FB}.Release|Any CPU.ActiveCfg = Release|Any CPU
		{C9D85973-5480-53F8-274B-18F135C5C6FB}.Release|Any CPU.Build.0 = Release|Any CPU
	EndGlobalSection
	GlobalSection(SolutionProperties) = preSolution
		HideSolutionNode = FALSE
	EndGlobalSection
								GlobalSection(MonoDevelopProperties) = preSolution
		StartupItem = Assembly-CSharp.csproj
		Policies = $0
		$0.TextStylePolicy = $1
		$1.inheritsSet = null
		$1.scope = text/x-csharp
		$0.CSharpFormattingPolicy = $2
		$2.inheritsSet = Mono
		$2.inheritsScope = text/x-csharp
		$2.scope = text/x-csharp
		$0.TextStylePolicy = $3
		$3.FileWidth = 120
		$3.TabWidth = 4
		$3.IndentWidth = 4
		$3.EolMarker = Unix
		$3.inheritsSet = Mono
		$3.inheritsScope = text/plain
		$3.scope = text/plain
	EndGlobalSection

EndGlobal
